
Microsoft Visual Studio Solution File, Format Version 12.00
# Visual Studio Version 17
VisualStudioVersion = 17.6.33801.468
MinimumVisualStudioVersion = 10.0.40219.1
Project("{FAE04EC0-301F-11D3-BF4B-00C04F79EFBC}") = "ARD_Grup_WebApi", "ARD_Grup_WebApi\ARD_Grup_WebApi.csproj", "{81271900-BB43-45AA-8252-9D8107E005FC}"
EndProject
Global
	GlobalSection(SolutionConfigurationPlatforms) = preSolution
		Debug|Any CPU = Debug|Any CPU
		Release|Any CPU = Release|Any CPU
	EndGlobalSection
	GlobalSection(ProjectConfigurationPlatforms) = postSolution
		{81271900-BB43-45AA-8252-9D8107E005FC}.Debug|Any CPU.ActiveCfg = Debug|Any CPU
		{81271900-BB43-45AA-8252-9D8107E005FC}.Debug|Any CPU.Build.0 = Debug|Any CPU
		{81271900-BB43-45AA-8252-9D8107E005FC}.Release|Any CPU.ActiveCfg = Release|Any CPU
		{81271900-BB43-45AA-8252-9D8107E005FC}.Release|Any CPU.Build.0 = Release|Any CPU
	EndGlobalSection
	GlobalSection(SolutionProperties) = preSolution
		HideSolutionNode = FALSE
	EndGlobalSection
	GlobalSection(ExtensibilityGlobals) = postSolution
		SolutionGuid = {85D8A816-9EB4-44BD-981D-6264A2F28280}
	EndGlobalSection
EndGlobal
